
Microsoft Visual Studio Solution File, Format Version 12.00
# Visual Studio Version 16
VisualStudioVersion = 16.0.31729.503
MinimumVisualStudioVersion = 10.0.40219.1
Project("{FAE04EC0-301F-11D3-BF4B-00C04F79EFBC}") = "AbstractFactory", "AbstractFactory\AbstractFactory.csproj", "{B8553457-30CC-431D-A06E-A096CD4FE783}"
EndProject
Global
	GlobalSection(SolutionConfigurationPlatforms) = preSolution
		Debug|Any CPU = Debug|Any CPU
		Release|Any CPU = Release|Any CPU
	EndGlobalSection
	GlobalSection(ProjectConfigurationPlatforms) = postSolution
		{B8553457-30CC-431D-A06E-A096CD4FE783}.Debug|Any CPU.ActiveCfg = Debug|Any CPU
		{B8553457-30CC-431D-A06E-A096CD4FE783}.Debug|Any CPU.Build.0 = Debug|Any CPU
		{B8553457-30CC-431D-A06E-A096CD4FE783}.Release|Any CPU.ActiveCfg = Release|Any CPU
		{B8553457-30CC-431D-A06E-A096CD4FE783}.Release|Any CPU.Build.0 = Release|Any CPU
	EndGlobalSection
	GlobalSection(SolutionProperties) = preSolution
		HideSolutionNode = FALSE
	EndGlobalSection
	GlobalSection(ExtensibilityGlobals) = postSolution
		SolutionGuid = {834C5D3C-F037-4F2C-BDB2-55B8B9A4FA5B}
	EndGlobalSection
EndGlobal
